Microsoft Visual Studio Solution File, Format Version 12.00
# Visual Studio Version 17
VisualStudioVersion = 17.5.2.0
MinimumVisualStudioVersion = 10.0.40219.1
Project("{FAE04EC0-301F-11D3-BF4B-00C04F79EFBC}") = "turing_machine", "turing_machine.csproj", "{D514D8AF-710E-07A6-F70B-2F49FED04304}"
EndProject
Global
	GlobalSection(SolutionConfigurationPlatforms) = preSolution
		Debug|Any CPU = Debug|Any CPU
		Release|Any CPU = Release|Any CPU
	EndGlobalSection
	GlobalSection(ProjectConfigurationPlatforms) = postSolution
		{D514D8AF-710E-07A6-F70B-2F49FED04304}.Debug|Any CPU.ActiveCfg = Debug|Any CPU
		{D514D8AF-710E-07A6-F70B-2F49FED04304}.Debug|Any CPU.Build.0 = Debug|Any CPU
		{D514D8AF-710E-07A6-F70B-2F49FED04304}.Release|Any CPU.ActiveCfg = Release|Any CPU
		{D514D8AF-710E-07A6-F70B-2F49FED04304}.Release|Any CPU.Build.0 = Release|Any CPU
	EndGlobalSection
	GlobalSection(SolutionProperties) = preSolution
		HideSolutionNode = FALSE
	EndGlobalSection
	GlobalSection(ExtensibilityGlobals) = postSolution
		SolutionGuid = {EAD543F2-FEC4-4151-8EC0-E0247F56736B}
	EndGlobalSection
EndGlobal
